
Microsoft Visual Studio Solution File, Format Version 12.00
# Visual Studio Version 17
VisualStudioVersion = 17.6.33829.357
MinimumVisualStudioVersion = 10.0.40219.1
Project("{9A19103F-16F7-4668-BE54-9A1E7A4F7556}") = "Lab1", "Lab1\Lab1.csproj", "{8639F24C-10B3-4916-9401-19E2C66E3A18}"
EndProject
Project("{9A19103F-16F7-4668-BE54-9A1E7A4F7556}") = "Lab2", "Lab2\Lab2.csproj", "{08176410-185A-4C10-B046-0262184C3576}"
EndProject
Project("{9A19103F-16F7-4668-BE54-9A1E7A4F7556}") = "Lab3", "Lab3\Lab3.csproj", "{2EB05332-D40E-40E8-BA72-B5B1CC3E508D}"
EndProject
Project("{9A19103F-16F7-4668-BE54-9A1E7A4F7556}") = "Data", "Data\Data.csproj", "{A8B39F75-C28A-4156-B9EA-4C94E2B201A5}"
EndProject
Project("{FAE04EC0-301F-11D3-BF4B-00C04F79EFBC}") = "UnitTest1", "UnitTest1\UnitTest1.csproj", "{58F5EDD8-F33F-4C21-A15C-CD084265812C}"
EndProject
Global
	GlobalSection(SolutionConfigurationPlatforms) = preSolution
		Debug|Any CPU = Debug|Any CPU
		Release|Any CPU = Release|Any CPU
	EndGlobalSection
	GlobalSection(ProjectConfigurationPlatforms) = postSolution
		{8639F24C-10B3-4916-9401-19E2C66E3A18}.Debug|Any CPU.ActiveCfg = Debug|Any CPU
		{8639F24C-10B3-4916-9401-19E2C66E3A18}.Debug|Any CPU.Build.0 = Debug|Any CPU
		{8639F24C-10B3-4916-9401-19E2C66E3A18}.Release|Any CPU.ActiveCfg = Release|Any CPU
		{8639F24C-10B3-4916-9401-19E2C66E3A18}.Release|Any CPU.Build.0 = Release|Any CPU
		{08176410-185A-4C10-B046-0262184C3576}.Debug|Any CPU.ActiveCfg = Debug|Any CPU
		{08176410-185A-4C10-B046-0262184C3576}.Debug|Any CPU.Build.0 = Debug|Any CPU
		{08176410-185A-4C10-B046-0262184C3576}.Release|Any CPU.ActiveCfg = Release|Any CPU
		{08176410-185A-4C10-B046-0262184C3576}.Release|Any CPU.Build.0 = Release|Any CPU
		{2EB05332-D40E-40E8-BA72-B5B1CC3E508D}.Debug|Any CPU.ActiveCfg = Debug|Any CPU
		{2EB05332-D40E-40E8-BA72-B5B1CC3E508D}.Debug|Any CPU.Build.0 = Debug|Any CPU
		{2EB05332-D40E-40E8-BA72-B5B1CC3E508D}.Release|Any CPU.ActiveCfg = Release|Any CPU
		{2EB05332-D40E-40E8-BA72-B5B1CC3E508D}.Release|Any CPU.Build.0 = Release|Any CPU
		{A8B39F75-C28A-4156-B9EA-4C94E2B201A5}.Debug|Any CPU.ActiveCfg = Debug|Any CPU
		{A8B39F75-C28A-4156-B9EA-4C94E2B201A5}.Debug|Any CPU.Build.0 = Debug|Any CPU
		{A8B39F75-C28A-4156-B9EA-4C94E2B201A5}.Release|Any CPU.ActiveCfg = Release|Any CPU
		{A8B39F75-C28A-4156-B9EA-4C94E2B201A5}.Release|Any CPU.Build.0 = Release|Any CPU
		{58F5EDD8-F33F-4C21-A15C-CD084265812C}.Debug|Any CPU.ActiveCfg = Debug|Any CPU
		{58F5EDD8-F33F-4C21-A15C-CD084265812C}.Debug|Any CPU.Build.0 = Debug|Any CPU
		{58F5EDD8-F33F-4C21-A15C-CD084265812C}.Release|Any CPU.ActiveCfg = Release|Any CPU
		{58F5EDD8-F33F-4C21-A15C-CD084265812C}.Release|Any CPU.Build.0 = Release|Any CPU
	EndGlobalSection
	GlobalSection(SolutionProperties) = preSolution
		HideSolutionNode = FALSE
	EndGlobalSection
	GlobalSection(ExtensibilityGlobals) = postSolution
		SolutionGuid = {E5FCC98B-34A0-4C3B-9258-8628F18773AE}
	EndGlobalSection
EndGlobal
